github.com/google/go-cmp v0.4.0 h1:xsAVV57WRhGj6kEIi8ReJzQlHHqcBYCElAvkovg3B/4=
github.com/google/go-cmp v0.4.0/go.mod h1:v8dTdLbMG2kIc/vJvl+f65V22dbkXbowE6jgT/gNBxE=
github.com/roeldev/go-fail v0.2.0 h1:vohtJvHv6cx1vDd6458q7JYTiSW/GCvlE7Kn+GMDWlk=
github.com/roeldev/go-fail v0.2.0/go.mod h1:OaAGP5g0ekJ/BQsuVHplcujeHUkgqJ0pmxabFInZzvI=
golang.org/x/xerrors v0.0.0-20191204190536-9bdfabe68543/go.mod h1:I/5z698sn9Ka8TeJc9MKroUUfqBBauWjQqLJ2OPfmY0=
